<?xml version="1.0" encoding="utf-8"?>
<Project ToolsVersion="4.0" xmlns="http://schemas.microsoft.com/developer/msbuild/2003">
  <ItemGroup>
    <Filter Include="Source Files">
      <UniqueIdentifier>{4FC737F1-C7A5-4376-A066-2A32D752A2FF}</UniqueIdentifier>
      <Extensions>cpp;c;cc;cxx;def;odl;idl;hpj;bat;asm;asmx</Extensions>
    </Filter>
    <Filter Include="Header Files">
      <UniqueIdentifier>{93995380-89BD-4b04-88EB-625FBE52EBFB}</UniqueIdentifier>
      <Extensions>h;hh;hpp;hxx;hm;inl;inc;xsd</Extensions>
    </Filter>
    <Filter Include="Resource Files">
      <UniqueIdentifier>{67DA6AB6-F800-4c08-8B7A-83BB121AAD01}</UniqueIdentifier>
      <Extensions>rc;ico;cur;bmp;dlg;rc2;rct;bin;rgs;gif;jpg;jpeg;jpe;resx;tiff;tif;png;wav;mfcribbon-ms</Extensions>
    </Filter>
    <Filter Include="Source Files\Core">
      <UniqueIdentifier>{78b1155e-0750-4d43-a68b-837228dbbea4}</UniqueIdentifier>
    </Filter>
    <Filter Include="Header Files\Core">
      <UniqueIdentifier>{7808facd-3a01-46d1-932d-8aed1b503578}</UniqueIdentifier>
    </Filter>
    <Filter Include="Header Files\Core\Screens">
      <UniqueIdentifier>{a1c5b4ef-e0ff-49c1-ae5c-44877651d39d}</UniqueIdentifier>
    </Filter>
    <Filter Include="Source Files\Core\Screens">
      <UniqueIdentifier>{58de1fb6-f005-4399-9899-f2ce04ddc590}</UniqueIdentifier>
    </Filter>
    <Filter Include="Source Files\Core\Entities">
      <UniqueIdentifier>{79ad3b32-ebae-4bbb-87bd-5a6bad54288b}</UniqueIdentifier>
    </Filter>
    <Filter Include="Header Files\Core\Entities">
      <UniqueIdentifier>{2e725514-a3b6-4572-ae31-15de8990bb7b}</UniqueIdentifier>
    </Filter>
    <Filter Include="Header Files\Core\Managers">
      <UniqueIdentifier>{e101f56c-0800-436e-8ff7-d8ac27c829fe}</UniqueIdentifier>
    </Filter>
    <Filter Include="Header Files\Core\Assets">
      <UniqueIdentifier>{afc493c9-564a-48a6-a159-638162419e70}</UniqueIdentifier>
    </Filter>
    <Filter Include="Source Files\Core\Managers">
      <UniqueIdentifier>{68599a37-0de0-422f-8bb7-c91dc4a225ca}</UniqueIdentifier>
    </Filter>
    <Filter Include="Source Files\Core\Interfaces">
      <UniqueIdentifier>{c374e78b-b2a0-4333-bd90-f6cf9c27ad71}</UniqueIdentifier>
    </Filter>
    <Filter Include="Header Files\Core\Interfaces">
      <UniqueIdentifier>{f50a67b8-733a-4b3b-abec-0d2edd3aae77}</UniqueIdentifier>
    </Filter>
    <Filter Include="Source Files\Core\Assets">
      <UniqueIdentifier>{f2e6294d-511f-468a-897e-9b4cfde520c6}</UniqueIdentifier>
    </Filter>
  </ItemGroup>
  <ItemGroup>
    <ClCompile Include="src\Main.cpp">
      <Filter>Source Files</Filter>
    </ClCompile>
    <ClCompile Include="src\Core\Game.cpp">
      <Filter>Source Files\Core</Filter>
    </ClCompile>
    <ClCompile Include="src\Core\Screens\AScreen.cpp">
      <Filter>Source Files\Core\Screens</Filter>
    </ClCompile>
    <ClCompile Include="src\Core\Screens\SplashScreen.cpp">
      <Filter>Source Files\Core\Screens</Filter>
    </ClCompile>
    <ClCompile Include="src\Core\Core_types.cpp">
      <Filter>Source Files\Core</Filter>
    </ClCompile>
    <ClCompile Include="src\Core\Screens\GameScreen.cpp">
      <Filter>Source Files\Core\Screens</Filter>
    </ClCompile>
    <ClCompile Include="src\Core\Entities\Entity.cpp">
      <Filter>Source Files\Core\Entities</Filter>
    </ClCompile>
    <ClCompile Include="src\Core\Entities\Player.cpp">
      <Filter>Source Files\Core\Entities</Filter>
    </ClCompile>
    <ClCompile Include="src\Core\Managers\ScreenManager.cpp">
      <Filter>Source Files\Core\Managers</Filter>
    </ClCompile>
    <ClCompile Include="src\Core\Interfaces\IAssetHandler.cpp">
      <Filter>Source Files\Core\Interfaces</Filter>
    </ClCompile>
    <ClCompile Include="src\Core\Assets\TextureHandler.cpp">
      <Filter>Source Files\Core\Assets</Filter>
    </ClCompile>
    <ClCompile Include="src\Core\Assets\TextureAsset.cpp">
      <Filter>Source Files</Filter>
    </ClCompile>
    <ClCompile Include="src\Core\Managers\AssetManager.cpp">
      <Filter>Source Files</Filter>
    </ClCompile>
    <ClCompile Include="src\Core\Interfaces\IAsset.cpp">
      <Filter>Source Files</Filter>
    </ClCompile>
    <ClCompile Include="src\Core\Managers\PlayerController.cpp">
      <Filter>Source Files</Filter>
    </ClCompile>
    <ClCompile Include="src\Core\Interfaces\Oberver.cpp">
      <Filter>Source Files</Filter>
    </ClCompile>
    <ClCompile Include="src\Core\Interfaces\Subject.cpp">
      <Filter>Source Files</Filter>
    </ClCompile>
  </ItemGroup>
  <ItemGroup>
    <ClInclude Include="src\Core\Screens\AScreen.h">
      <Filter>Header Files\Core\Screens</Filter>
    </ClInclude>
    <ClInclude Include="src\Core\Screens\SplashScreen.h">
      <Filter>Header Files\Core\Screens</Filter>
    </ClInclude>
    <ClInclude Include="src\Core\Screens\GameScreen.h">
      <Filter>Header Files\Core\Screens</Filter>
    </ClInclude>
    <ClInclude Include="src\Core\Game.h">
      <Filter>Header Files\Core</Filter>
    </ClInclude>
    <ClInclude Include="src\Core\Core_types.h">
      <Filter>Header Files\Core</Filter>
    </ClInclude>
    <ClInclude Include="src\Core\Entities\Entity.h">
      <Filter>Header Files\Core\Entities</Filter>
    </ClInclude>
    <ClInclude Include="src\Core\Entities\Player.h">
      <Filter>Header Files\Core\Entities</Filter>
    </ClInclude>
    <ClInclude Include="src\Core\Managers\ScreenManager.h">
      <Filter>Header Files\Core\Managers</Filter>
    </ClInclude>
    <ClInclude Include="src\Core\Manager\ScreenManager.h">
      <Filter>Header Files\Core\Managers</Filter>
    </ClInclude>
    <ClInclude Include="src\Core\Interfaces\IAssetHandler.h">
      <Filter>Header Files\Core\Interfaces</Filter>
    </ClInclude>
    <ClInclude Include="src\Core\Assets\TextureHandler.h">
      <Filter>Header Files\Core\Assets</Filter>
    </ClInclude>
    <ClInclude Include="src\Core\Assets\TextureAsset.h">
      <Filter>Header Files</Filter>
    </ClInclude>
    <ClInclude Include="src\Core\Managers\AssetManager.h">
      <Filter>Header Files</Filter>
    </ClInclude>
    <ClInclude Include="src\Core\Interfaces\IAsset.h">
      <Filter>Header Files</Filter>
    </ClInclude>
    <ClInclude Include="src\Core\Managers\PlayerController.h">
      <Filter>Header Files</Filter>
    </ClInclude>
    <ClInclude Include="src\Core\Interfaces\Oberver.h">
      <Filter>Header Files</Filter>
    </ClInclude>
    <ClInclude Include="src\Core\Interfaces\Subject.h">
      <Filter>Header Files</Filter>
    </ClInclude>
  </ItemGroup>
</Project>