<?xml version="1.0" encoding="utf-8"?>
<Project ToolsVersion="4.0" xmlns="http://schemas.microsoft.com/developer/msbuild/2003">
  <ItemGroup>
    <ClCompile Include="src\Core\Interfaces\IAsset.cpp" />
    <ClCompile Include="src\Core\Managers\AssetManager.cpp" />
    <ClCompile Include="src\Core\Interfaces\IAssetHandler.cpp" />
    <ClCompile Include="src\Core\Core_types.cpp" />
    <ClCompile Include="src\Core\DungeonGenerator\DungeonGenerator.cpp" />
    <ClCompile Include="src\Core\Entities\Entity.cpp" />
    <ClCompile Include="src\Core\Entities\Player.cpp" />
    <ClCompile Include="src\Core\Game.cpp" />
    <ClCompile Include="src\Core\GameObject.cpp" />
    <ClCompile Include="src\Core\Handlers\ScreenManager.cpp" />
    <ClCompile Include="src\Core\Screens\AScreen.cpp" />
    <ClCompile Include="src\Core\Screens\GameScreen.cpp" />
    <ClCompile Include="src\Core\Screens\SplashScreen.cpp" />
    <ClCompile Include="src\Core\Tiles\FloorTile.cpp" />
    <ClCompile Include="src\Core\Tiles\Tile.cpp" />
    <ClCompile Include="src\Core\Tiles\WallTile.cpp" />
    <ClCompile Include="src\Main.cpp" />
    <ClCompile Include="src\Core\Assets\TextureHandler.cpp" />
    <ClCompile Include="src\Core\Assets\TextureAsset.cpp" />
    <ClCompile Include="src\Core\Managers\ScreenManager.cpp" />
  </ItemGroup>
  <ItemGroup>
    <ClInclude Include="src\Core\DungeonGenerator\DungeonGenerator.h" />
    <ClInclude Include="src\Core\GameObject.h" />
    <ClInclude Include="src\Core\Interfaces\IAsset.h" />
    <ClInclude Include="src\Core\Managers\AssetManager.h" />
    <ClInclude Include="src\Core\Interfaces\IAssetHandler.h" />
    <ClInclude Include="src\Core\Managers\ScreenManager.h" />
    <ClInclude Include="src\Core\Manager\ScreenManager.h" />
    <ClInclude Include="src\Core\Screens\GameScreen.h" />
    <ClInclude Include="src\Core\Core_types.h" />
    <ClInclude Include="src\Core\Entities\Entity.h" />
    <ClInclude Include="src\Core\Entities\Player.h" />
    <ClInclude Include="src\Core\Game.h" />
    <ClInclude Include="src\Core\Screens\AScreen.h" />
    <ClInclude Include="src\Core\Screens\SplashScreen.h" />
    <ClInclude Include="src\Core\Tiles\FloorTile.h" />
    <ClInclude Include="src\Core\Tiles\Tile.h" />
    <ClInclude Include="src\Core\Tiles\WallTile.h" />
    <ClInclude Include="src\Core\Assets\TextureHandler.h" />
    <ClInclude Include="src\Core\Assets\TextureAsset.h" />
  </ItemGroup>
</Project>